
Microsoft Visual Studio Solution File, Format Version 12.00
# Visual Studio Version 18
VisualStudioVersion = 18.6.11822.322
MinimumVisualStudioVersion = 10.0.40219.1
Project("{2150E333-8FDC-42A3-9474-1A3956D46DE8}") = "src", "src", "{827E0CD3-B72D-47B6-A68D-7590B98EB39B}"
EndProject
Project("{FAE04EC0-301F-11D3-BF4B-00C04F79EFBC}") = "Acd.Mcp", "src\Autocad\Acd.Mcp\Acd.Mcp.csproj", "{E528A308-27B0-40E4-8306-A16299EF8702}"
EndProject
Project("{FAE04EC0-301F-11D3-BF4B-00C04F79EFBC}") = "Acd.Mcp.Bridge", "src\Autocad\Acd.Mcp.Bridge\Acd.Mcp.Bridge.csproj", "{19A40CA7-A399-4154-B0BC-8FD3FC39DCA5}"
EndProject
Project("{2150E333-8FDC-42A3-9474-1A3956D46DE8}") = "tests", "tests", "{0AB3BF05-4346-4AA6-1389-037BE0695223}"
EndProject
Project("{FAE04EC0-301F-11D3-BF4B-00C04F79EFBC}") = "Acd.Mcp.Tests", "tests\Acd.Mcp.Tests\Acd.Mcp.Tests.csproj", "{76115441-4F76-41E6-B0B4-674D36E1D2A0}"
EndProject
Project("{FAE04EC0-301F-11D3-BF4B-00C04F79EFBC}") = "Acd.Mcp.Batch", "src\Autocad\Acd.Mcp.Batch\Acd.Mcp.Batch.csproj", "{C161ECCF-552B-42E4-BE09-4E5AB2D4477B}"
EndProject
Project("{FAE04EC0-301F-11D3-BF4B-00C04F79EFBC}") = "Acd.Mcp.Batch.Tests", "tests\Acd.Mcp.Batch.Tests\Acd.Mcp.Batch.Tests.csproj", "{3655AE98-F15D-4729-9AD9-BE0930D76771}"
EndProject
Project("{FAE04EC0-301F-11D3-BF4B-00C04F79EFBC}") = "Acd.Mcp.Api", "src\Autocad\Acd.Mcp.Api\Acd.Mcp.Api.csproj", "{EA726970-1127-4DBE-83F6-B7602D144042}"
EndProject
Project("{FAE04EC0-301F-11D3-BF4B-00C04F79EFBC}") = "Acd.Mcp.Contracts", "src\Autocad\Acd.Mcp.Contracts\Acd.Mcp.Contracts.csproj", "{E1A30FC8-2486-4E9B-9691-4BEF76DD3B24}"
EndProject
Project("{FAE04EC0-301F-11D3-BF4B-00C04F79EFBC}") = "Acd.Mcp.Bridge.Tests", "tests\Acd.Mcp.Bridge.Tests\Acd.Mcp.Bridge.Tests.csproj", "{F0EEC603-C48B-4F12-8A61-8614ED3472FE}"
EndProject
Project("{FAE04EC0-301F-11D3-BF4B-00C04F79EFBC}") = "Rvt.Mcp", "src\Revit\Rvt.Mcp\Rvt.Mcp.csproj", "{58951EF9-81AB-4C77-8C02-6BAF9BA42E48}"
EndProject
Project("{FAE04EC0-301F-11D3-BF4B-00C04F79EFBC}") = "Rvt.Mcp.Bridge", "src\Revit\Rvt.Mcp.Bridge\Rvt.Mcp.Bridge.csproj", "{64123720-18CE-4A63-9B1C-A88EBA191716}"
EndProject
Project("{FAE04EC0-301F-11D3-BF4B-00C04F79EFBC}") = "Rvt.Mcp.Tests", "tests\Rvt.Mcp.Tests\Rvt.Mcp.Tests.csproj", "{4CA49A86-B9D2-494C-9A02-693E43157A0D}"
EndProject
Project("{FAE04EC0-301F-11D3-BF4B-00C04F79EFBC}") = "Rvt.Mcp.Loader", "src\Revit\Rvt.Mcp.Loader\Rvt.Mcp.Loader.csproj", "{0166BAC9-EF2D-455A-891C-448A820F7F88}"
EndProject
Project("{2150E333-8FDC-42A3-9474-1A3956D46DE8}") = "Revit", "Revit", "{65533767-D758-79C8-E7DE-792C4E0B7E97}"
EndProject
Project("{FAE04EC0-301F-11D3-BF4B-00C04F79EFBC}") = "Rvt.Mcp.Api", "src\Revit\Rvt.Mcp.Api\Rvt.Mcp.Api.csproj", "{13088EB2-31CE-4677-8A86-D3B73AE0CEBF}"
EndProject
Global
	GlobalSection(SolutionConfigurationPlatforms) = preSolution
		Debug|x64 = Debug|x64
		Debug|Any CPU = Debug|Any CPU
		Debug|x86 = Debug|x86
		Release|x64 = Release|x64
		Release|Any CPU = Release|Any CPU
		Release|x86 = Release|x86
	EndGlobalSection
	GlobalSection(ProjectConfigurationPlatforms) = postSolution
		{E528A308-27B0-40E4-8306-A16299EF8702}.Debug|x64.ActiveCfg = Debug|x64
		{E528A308-27B0-40E4-8306-A16299EF8702}.Debug|x64.Build.0 = Debug|x64
		{E528A308-27B0-40E4-8306-A16299EF8702}.Debug|Any CPU.ActiveCfg = Debug|Any CPU
		{E528A308-27B0-40E4-8306-A16299EF8702}.Debug|Any CPU.Build.0 = Debug|Any CPU
		{E528A308-27B0-40E4-8306-A16299EF8702}.Debug|x86.ActiveCfg = Debug|Any CPU
		{E528A308-27B0-40E4-8306-A16299EF8702}.Debug|x86.Build.0 = Debug|Any CPU
		{E528A308-27B0-40E4-8306-A16299EF8702}.Release|x64.ActiveCfg = Release|x64
		{E528A308-27B0-40E4-8306-A16299EF8702}.Release|x64.Build.0 = Release|x64
		{E528A308-27B0-40E4-8306-A16299EF8702}.Release|Any CPU.ActiveCfg = Release|Any CPU
		{E528A308-27B0-40E4-8306-A16299EF8702}.Release|Any CPU.Build.0 = Release|Any CPU
		{E528A308-27B0-40E4-8306-A16299EF8702}.Release|x86.ActiveCfg = Release|Any CPU
		{E528A308-27B0-40E4-8306-A16299EF8702}.Release|x86.Build.0 = Release|Any CPU
		{19A40CA7-A399-4154-B0BC-8FD3FC39DCA5}.Debug|x64.ActiveCfg = Debug|x64
		{19A40CA7-A399-4154-B0BC-8FD3FC39DCA5}.Debug|x64.Build.0 = Debug|x64
		{19A40CA7-A399-4154-B0BC-8FD3FC39DCA5}.Debug|Any CPU.ActiveCfg = Debug|Any CPU
		{19A40CA7-A399-4154-B0BC-8FD3FC39DCA5}.Debug|Any CPU.Build.0 = Debug|Any CPU
		{19A40CA7-A399-4154-B0BC-8FD3FC39DCA5}.Debug|x86.ActiveCfg = Debug|Any CPU
		{19A40CA7-A399-4154-B0BC-8FD3FC39DCA5}.Debug|x86.Build.0 = Debug|Any CPU
		{19A40CA7-A399-4154-B0BC-8FD3FC39DCA5}.Release|x64.ActiveCfg = Release|x64
		{19A40CA7-A399-4154-B0BC-8FD3FC39DCA5}.Release|x64.Build.0 = Release|x64
		{19A40CA7-A399-4154-B0BC-8FD3FC39DCA5}.Release|Any CPU.ActiveCfg = Release|Any CPU
		{19A40CA7-A399-4154-B0BC-8FD3FC39DCA5}.Release|Any CPU.Build.0 = Release|Any CPU
		{19A40CA7-A399-4154-B0BC-8FD3FC39DCA5}.Release|x86.ActiveCfg = Release|Any CPU
		{19A40CA7-A399-4154-B0BC-8FD3FC39DCA5}.Release|x86.Build.0 = Release|Any CPU
		{76115441-4F76-41E6-B0B4-674D36E1D2A0}.Debug|x64.ActiveCfg = Debug|x64
		{76115441-4F76-41E6-B0B4-674D36E1D2A0}.Debug|x64.Build.0 = Debug|x64
		{76115441-4F76-41E6-B0B4-674D36E1D2A0}.Debug|Any CPU.ActiveCfg = Debug|Any CPU
		{76115441-4F76-41E6-B0B4-674D36E1D2A0}.Debug|Any CPU.Build.0 = Debug|Any CPU
		{76115441-4F76-41E6-B0B4-674D36E1D2A0}.Debug|x86.ActiveCfg = Debug|Any CPU
		{76115441-4F76-41E6-B0B4-674D36E1D2A0}.Debug|x86.Build.0 = Debug|Any CPU
		{76115441-4F76-41E6-B0B4-674D36E1D2A0}.Release|x64.ActiveCfg = Release|x64
		{76115441-4F76-41E6-B0B4-674D36E1D2A0}.Release|x64.Build.0 = Release|x64
		{76115441-4F76-41E6-B0B4-674D36E1D2A0}.Release|Any CPU.ActiveCfg = Release|Any CPU
		{76115441-4F76-41E6-B0B4-674D36E1D2A0}.Release|Any CPU.Build.0 = Release|Any CPU
		{76115441-4F76-41E6-B0B4-674D36E1D2A0}.Release|x86.ActiveCfg = Release|Any CPU
		{76115441-4F76-41E6-B0B4-674D36E1D2A0}.Release|x86.Build.0 = Release|Any CPU
		{C161ECCF-552B-42E4-BE09-4E5AB2D4477B}.Debug|x64.ActiveCfg = Debug|x64
		{C161ECCF-552B-42E4-BE09-4E5AB2D4477B}.Debug|x64.Build.0 = Debug|x64
		{C161ECCF-552B-42E4-BE09-4E5AB2D4477B}.Debug|Any CPU.ActiveCfg = Debug|Any CPU
		{C161ECCF-552B-42E4-BE09-4E5AB2D4477B}.Debug|Any CPU.Build.0 = Debug|Any CPU
		{C161ECCF-552B-42E4-BE09-4E5AB2D4477B}.Debug|x86.ActiveCfg = Debug|Any CPU
		{C161ECCF-552B-42E4-BE09-4E5AB2D4477B}.Debug|x86.Build.0 = Debug|Any CPU
		{C161ECCF-552B-42E4-BE09-4E5AB2D4477B}.Release|x64.ActiveCfg = Release|x64
		{C161ECCF-552B-42E4-BE09-4E5AB2D4477B}.Release|x64.Build.0 = Release|x64
		{C161ECCF-552B-42E4-BE09-4E5AB2D4477B}.Release|Any CPU.ActiveCfg = Release|Any CPU
		{C161ECCF-552B-42E4-BE09-4E5AB2D4477B}.Release|Any CPU.Build.0 = Release|Any CPU
		{C161ECCF-552B-42E4-BE09-4E5AB2D4477B}.Release|x86.ActiveCfg = Release|Any CPU
		{C161ECCF-552B-42E4-BE09-4E5AB2D4477B}.Release|x86.Build.0 = Release|Any CPU
		{3655AE98-F15D-4729-9AD9-BE0930D76771}.Debug|x64.ActiveCfg = Debug|x64
		{3655AE98-F15D-4729-9AD9-BE0930D76771}.Debug|x64.Build.0 = Debug|x64
		{3655AE98-F15D-4729-9AD9-BE0930D76771}.Debug|Any CPU.ActiveCfg = Debug|Any CPU
		{3655AE98-F15D-4729-9AD9-BE0930D76771}.Debug|Any CPU.Build.0 = Debug|Any CPU
		{3655AE98-F15D-4729-9AD9-BE0930D76771}.Debug|x86.ActiveCfg = Debug|Any CPU
		{3655AE98-F15D-4729-9AD9-BE0930D76771}.Debug|x86.Build.0 = Debug|Any CPU
		{3655AE98-F15D-4729-9AD9-BE0930D76771}.Release|x64.ActiveCfg = Release|x64
		{3655AE98-F15D-4729-9AD9-BE0930D76771}.Release|x64.Build.0 = Release|x64
		{3655AE98-F15D-4729-9AD9-BE0930D76771}.Release|Any CPU.ActiveCfg = Release|Any CPU
		{3655AE98-F15D-4729-9AD9-BE0930D76771}.Release|Any CPU.Build.0 = Release|Any CPU
		{3655AE98-F15D-4729-9AD9-BE0930D76771}.Release|x86.ActiveCfg = Release|Any CPU
		{3655AE98-F15D-4729-9AD9-BE0930D76771}.Release|x86.Build.0 = Release|Any CPU
		{EA726970-1127-4DBE-83F6-B7602D144042}.Debug|x64.ActiveCfg = Debug|x64
		{EA726970-1127-4DBE-83F6-B7602D144042}.Debug|x64.Build.0 = Debug|x64
		{EA726970-1127-4DBE-83F6-B7602D144042}.Debug|Any CPU.ActiveCfg = Debug|Any CPU
		{EA726970-1127-4DBE-83F6-B7602D144042}.Debug|Any CPU.Build.0 = Debug|Any CPU
		{EA726970-1127-4DBE-83F6-B7602D144042}.Debug|x86.ActiveCfg = Debug|Any CPU
		{EA726970-1127-4DBE-83F6-B7602D144042}.Debug|x86.Build.0 = Debug|Any CPU
		{EA726970-1127-4DBE-83F6-B7602D144042}.Release|x64.ActiveCfg = Release|x64
		{EA726970-1127-4DBE-83F6-B7602D144042}.Release|x64.Build.0 = Release|x64
		{EA726970-1127-4DBE-83F6-B7602D144042}.Release|Any CPU.ActiveCfg = Release|Any CPU
		{EA726970-1127-4DBE-83F6-B7602D144042}.Release|Any CPU.Build.0 = Release|Any CPU
		{EA726970-1127-4DBE-83F6-B7602D144042}.Release|x86.ActiveCfg = Release|Any CPU
		{EA726970-1127-4DBE-83F6-B7602D144042}.Release|x86.Build.0 = Release|Any CPU
		{E1A30FC8-2486-4E9B-9691-4BEF76DD3B24}.Debug|x64.ActiveCfg = Debug|x64
		{E1A30FC8-2486-4E9B-9691-4BEF76DD3B24}.Debug|x64.Build.0 = Debug|x64
		{E1A30FC8-2486-4E9B-9691-4BEF76DD3B24}.Debug|Any CPU.ActiveCfg = Debug|Any CPU
		{E1A30FC8-2486-4E9B-9691-4BEF76DD3B24}.Debug|Any CPU.Build.0 = Debug|Any CPU
		{E1A30FC8-2486-4E9B-9691-4BEF76DD3B24}.Debug|x86.ActiveCfg = Debug|Any CPU
		{E1A30FC8-2486-4E9B-9691-4BEF76DD3B24}.Debug|x86.Build.0 = Debug|Any CPU
		{E1A30FC8-2486-4E9B-9691-4BEF76DD3B24}.Release|x64.ActiveCfg = Release|x64
		{E1A30FC8-2486-4E9B-9691-4BEF76DD3B24}.Release|x64.Build.0 = Release|x64
		{E1A30FC8-2486-4E9B-9691-4BEF76DD3B24}.Release|Any CPU.ActiveCfg = Release|Any CPU
		{E1A30FC8-2486-4E9B-9691-4BEF76DD3B24}.Release|Any CPU.Build.0 = Release|Any CPU
		{E1A30FC8-2486-4E9B-9691-4BEF76DD3B24}.Release|x86.ActiveCfg = Release|Any CPU
		{E1A30FC8-2486-4E9B-9691-4BEF76DD3B24}.Release|x86.Build.0 = Release|Any CPU
		{F0EEC603-C48B-4F12-8A61-8614ED3472FE}.Debug|x64.ActiveCfg = Debug|x64
		{F0EEC603-C48B-4F12-8A61-8614ED3472FE}.Debug|x64.Build.0 = Debug|x64
		{F0EEC603-C48B-4F12-8A61-8614ED3472FE}.Debug|Any CPU.ActiveCfg = Debug|Any CPU
		{F0EEC603-C48B-4F12-8A61-8614ED3472FE}.Debug|Any CPU.Build.0 = Debug|Any CPU
		{F0EEC603-C48B-4F12-8A61-8614ED3472FE}.Debug|x86.ActiveCfg = Debug|Any CPU
		{F0EEC603-C48B-4F12-8A61-8614ED3472FE}.Debug|x86.Build.0 = Debug|Any CPU
		{F0EEC603-C48B-4F12-8A61-8614ED3472FE}.Release|x64.ActiveCfg = Release|x64
		{F0EEC603-C48B-4F12-8A61-8614ED3472FE}.Release|x64.Build.0 = Release|x64
		{F0EEC603-C48B-4F12-8A61-8614ED3472FE}.Release|Any CPU.ActiveCfg = Release|Any CPU
		{F0EEC603-C48B-4F12-8A61-8614ED3472FE}.Release|Any CPU.Build.0 = Release|Any CPU
		{F0EEC603-C48B-4F12-8A61-8614ED3472FE}.Release|x86.ActiveCfg = Release|Any CPU
		{F0EEC603-C48B-4F12-8A61-8614ED3472FE}.Release|x86.Build.0 = Release|Any CPU
		{58951EF9-81AB-4C77-8C02-6BAF9BA42E48}.Debug|x64.ActiveCfg = Debug|x64
		{58951EF9-81AB-4C77-8C02-6BAF9BA42E48}.Debug|x64.Build.0 = Debug|x64
		{58951EF9-81AB-4C77-8C02-6BAF9BA42E48}.Debug|Any CPU.ActiveCfg = Debug|Any CPU
		{58951EF9-81AB-4C77-8C02-6BAF9BA42E48}.Debug|Any CPU.Build.0 = Debug|Any CPU
		{58951EF9-81AB-4C77-8C02-6BAF9BA42E48}.Debug|x86.ActiveCfg = Debug|Any CPU
		{58951EF9-81AB-4C77-8C02-6BAF9BA42E48}.Debug|x86.Build.0 = Debug|Any CPU
		{58951EF9-81AB-4C77-8C02-6BAF9BA42E48}.Release|x64.ActiveCfg = Release|x64
		{58951EF9-81AB-4C77-8C02-6BAF9BA42E48}.Release|x64.Build.0 = Release|x64
		{58951EF9-81AB-4C77-8C02-6BAF9BA42E48}.Release|Any CPU.ActiveCfg = Release|Any CPU
		{58951EF9-81AB-4C77-8C02-6BAF9BA42E48}.Release|Any CPU.Build.0 = Release|Any CPU
		{58951EF9-81AB-4C77-8C02-6BAF9BA42E48}.Release|x86.ActiveCfg = Release|Any CPU
		{58951EF9-81AB-4C77-8C02-6BAF9BA42E48}.Release|x86.Build.0 = Release|Any CPU
		{64123720-18CE-4A63-9B1C-A88EBA191716}.Debug|x64.ActiveCfg = Debug|x64
		{64123720-18CE-4A63-9B1C-A88EBA191716}.Debug|x64.Build.0 = Debug|x64
		{64123720-18CE-4A63-9B1C-A88EBA191716}.Debug|Any CPU.ActiveCfg = Debug|Any CPU
		{64123720-18CE-4A63-9B1C-A88EBA191716}.Debug|Any CPU.Build.0 = Debug|Any CPU
		{64123720-18CE-4A63-9B1C-A88EBA191716}.Debug|x86.ActiveCfg = Debug|Any CPU
		{64123720-18CE-4A63-9B1C-A88EBA191716}.Debug|x86.Build.0 = Debug|Any CPU
		{64123720-18CE-4A63-9B1C-A88EBA191716}.Release|x64.ActiveCfg = Release|x64
		{64123720-18CE-4A63-9B1C-A88EBA191716}.Release|x64.Build.0 = Release|x64
		{64123720-18CE-4A63-9B1C-A88EBA191716}.Release|Any CPU.ActiveCfg = Release|Any CPU
		{64123720-18CE-4A63-9B1C-A88EBA191716}.Release|Any CPU.Build.0 = Release|Any CPU
		{64123720-18CE-4A63-9B1C-A88EBA191716}.Release|x86.ActiveCfg = Release|Any CPU
		{64123720-18CE-4A63-9B1C-A88EBA191716}.Release|x86.Build.0 = Release|Any CPU
		{4CA49A86-B9D2-494C-9A02-693E43157A0D}.Debug|x64.ActiveCfg = Debug|x64
		{4CA49A86-B9D2-494C-9A02-693E43157A0D}.Debug|x64.Build.0 = Debug|x64
		{4CA49A86-B9D2-494C-9A02-693E43157A0D}.Debug|Any CPU.ActiveCfg = Debug|Any CPU
		{4CA49A86-B9D2-494C-9A02-693E43157A0D}.Debug|Any CPU.Build.0 = Debug|Any CPU
		{4CA49A86-B9D2-494C-9A02-693E43157A0D}.Debug|x86.ActiveCfg = Debug|Any CPU
		{4CA49A86-B9D2-494C-9A02-693E43157A0D}.Debug|x86.Build.0 = Debug|Any CPU
		{4CA49A86-B9D2-494C-9A02-693E43157A0D}.Release|x64.ActiveCfg = Release|x64
		{4CA49A86-B9D2-494C-9A02-693E43157A0D}.Release|x64.Build.0 = Release|x64
		{4CA49A86-B9D2-494C-9A02-693E43157A0D}.Release|Any CPU.ActiveCfg = Release|Any CPU
		{4CA49A86-B9D2-494C-9A02-693E43157A0D}.Release|Any CPU.Build.0 = Release|Any CPU
		{4CA49A86-B9D2-494C-9A02-693E43157A0D}.Release|x86.ActiveCfg = Release|Any CPU
		{4CA49A86-B9D2-494C-9A02-693E43157A0D}.Release|x86.Build.0 = Release|Any CPU
		{0166BAC9-EF2D-455A-891C-448A820F7F88}.Debug|x64.ActiveCfg = Debug|x64
		{0166BAC9-EF2D-455A-891C-448A820F7F88}.Debug|x64.Build.0 = Debug|x64
		{0166BAC9-EF2D-455A-891C-448A820F7F88}.Debug|Any CPU.ActiveCfg = Debug|Any CPU
		{0166BAC9-EF2D-455A-891C-448A820F7F88}.Debug|Any CPU.Build.0 = Debug|Any CPU
		{0166BAC9-EF2D-455A-891C-448A820F7F88}.Debug|x86.ActiveCfg = Debug|Any CPU
		{0166BAC9-EF2D-455A-891C-448A820F7F88}.Debug|x86.Build.0 = Debug|Any CPU
		{0166BAC9-EF2D-455A-891C-448A820F7F88}.Release|x64.ActiveCfg = Release|x64
		{0166BAC9-EF2D-455A-891C-448A820F7F88}.Release|x64.Build.0 = Release|x64
		{0166BAC9-EF2D-455A-891C-448A820F7F88}.Release|Any CPU.ActiveCfg = Release|Any CPU
		{0166BAC9-EF2D-455A-891C-448A820F7F88}.Release|Any CPU.Build.0 = Release|Any CPU
		{0166BAC9-EF2D-455A-891C-448A820F7F88}.Release|x86.ActiveCfg = Release|Any CPU
		{0166BAC9-EF2D-455A-891C-448A820F7F88}.Release|x86.Build.0 = Release|Any CPU
		{13088EB2-31CE-4677-8A86-D3B73AE0CEBF}.Debug|x64.ActiveCfg = Debug|x64
		{13088EB2-31CE-4677-8A86-D3B73AE0CEBF}.Debug|x64.Build.0 = Debug|x64
		{13088EB2-31CE-4677-8A86-D3B73AE0CEBF}.Debug|Any CPU.ActiveCfg = Debug|x64
		{13088EB2-31CE-4677-8A86-D3B73AE0CEBF}.Debug|Any CPU.Build.0 = Debug|x64
		{13088EB2-31CE-4677-8A86-D3B73AE0CEBF}.Debug|x86.ActiveCfg = Debug|x64
		{13088EB2-31CE-4677-8A86-D3B73AE0CEBF}.Debug|x86.Build.0 = Debug|x64
		{13088EB2-31CE-4677-8A86-D3B73AE0CEBF}.Release|x64.ActiveCfg = Release|x64
		{13088EB2-31CE-4677-8A86-D3B73AE0CEBF}.Release|x64.Build.0 = Release|x64
		{13088EB2-31CE-4677-8A86-D3B73AE0CEBF}.Release|Any CPU.ActiveCfg = Release|x64
		{13088EB2-31CE-4677-8A86-D3B73AE0CEBF}.Release|Any CPU.Build.0 = Release|x64
		{13088EB2-31CE-4677-8A86-D3B73AE0CEBF}.Release|x86.ActiveCfg = Release|x64
		{13088EB2-31CE-4677-8A86-D3B73AE0CEBF}.Release|x86.Build.0 = Release|x64
	EndGlobalSection
	GlobalSection(SolutionProperties) = preSolution
		HideSolutionNode = FALSE
	EndGlobalSection
	GlobalSection(NestedProjects) = preSolution
		{E528A308-27B0-40E4-8306-A16299EF8702} = {827E0CD3-B72D-47B6-A68D-7590B98EB39B}
		{19A40CA7-A399-4154-B0BC-8FD3FC39DCA5} = {827E0CD3-B72D-47B6-A68D-7590B98EB39B}
		{76115441-4F76-41E6-B0B4-674D36E1D2A0} = {0AB3BF05-4346-4AA6-1389-037BE0695223}
		{C161ECCF-552B-42E4-BE09-4E5AB2D4477B} = {827E0CD3-B72D-47B6-A68D-7590B98EB39B}
		{3655AE98-F15D-4729-9AD9-BE0930D76771} = {0AB3BF05-4346-4AA6-1389-037BE0695223}
		{EA726970-1127-4DBE-83F6-B7602D144042} = {827E0CD3-B72D-47B6-A68D-7590B98EB39B}
		{E1A30FC8-2486-4E9B-9691-4BEF76DD3B24} = {827E0CD3-B72D-47B6-A68D-7590B98EB39B}
		{F0EEC603-C48B-4F12-8A61-8614ED3472FE} = {0AB3BF05-4346-4AA6-1389-037BE0695223}
		{58951EF9-81AB-4C77-8C02-6BAF9BA42E48} = {827E0CD3-B72D-47B6-A68D-7590B98EB39B}
		{64123720-18CE-4A63-9B1C-A88EBA191716} = {827E0CD3-B72D-47B6-A68D-7590B98EB39B}
		{4CA49A86-B9D2-494C-9A02-693E43157A0D} = {0AB3BF05-4346-4AA6-1389-037BE0695223}
		{0166BAC9-EF2D-455A-891C-448A820F7F88} = {827E0CD3-B72D-47B6-A68D-7590B98EB39B}
		{65533767-D758-79C8-E7DE-792C4E0B7E97} = {827E0CD3-B72D-47B6-A68D-7590B98EB39B}
		{13088EB2-31CE-4677-8A86-D3B73AE0CEBF} = {65533767-D758-79C8-E7DE-792C4E0B7E97}
	EndGlobalSection
	GlobalSection(ExtensibilityGlobals) = postSolution
		SolutionGuid = {B5677961-8436-407C-A378-38CEB942CF28}
	EndGlobalSection
EndGlobal
